
Microsoft Visual Studio Solution File, Format Version 12.00
# Visual Studio Version 16
VisualStudioVersion = 16.0.31005.135
MinimumVisualStudioVersion = 10.0.40219.1
Project("{2150E333-8FDC-42A3-9474-1A3956D46DE8}") = "Services", "Services", "{FE2F4194-6BC7-4301-88D9-E1618AB93A55}"
EndProject
Project("{2150E333-8FDC-42A3-9474-1A3956D46DE8}") = "Catalog", "Catalog", "{23CD91BB-D902-4317-BAD1-3F013B6597A6}"
EndProject
Project("{FAE04EC0-301F-11D3-BF4B-00C04F79EFBC}") = "Catalog.API", "Services\Catalog\Catalog.API\Catalog.API.csproj", "{4FE27520-7028-4C3A-AE8A-782AB88075AF}"
EndProject
Global
	GlobalSection(SolutionConfigurationPlatforms) = preSolution
		Debug|Any CPU = Debug|Any CPU
		Release|Any CPU = Release|Any CPU
	EndGlobalSection
	GlobalSection(ProjectConfigurationPlatforms) = postSolution
		{4FE27520-7028-4C3A-AE8A-782AB88075AF}.Debug|Any CPU.ActiveCfg = Debug|Any CPU
		{4FE27520-7028-4C3A-AE8A-782AB88075AF}.Debug|Any CPU.Build.0 = Debug|Any CPU
		{4FE27520-7028-4C3A-AE8A-782AB88075AF}.Release|Any CPU.ActiveCfg = Release|Any CPU
		{4FE27520-7028-4C3A-AE8A-782AB88075AF}.Release|Any CPU.Build.0 = Release|Any CPU
	EndGlobalSection
	GlobalSection(SolutionProperties) = preSolution
		HideSolutionNode = FALSE
	EndGlobalSection
	GlobalSection(NestedProjects) = preSolution
		{23CD91BB-D902-4317-BAD1-3F013B6597A6} = {FE2F4194-6BC7-4301-88D9-E1618AB93A55}
		{4FE27520-7028-4C3A-AE8A-782AB88075AF} = {23CD91BB-D902-4317-BAD1-3F013B6597A6}
	EndGlobalSection
	GlobalSection(ExtensibilityGlobals) = postSolution
		SolutionGuid = {C742BCF0-50CC-4C78-833C-B0A6383A4CAD}
	EndGlobalSection
EndGlobal
